
Microsoft Visual Studio Solution File, Format Version 12.00
# Visual Studio Version 17
VisualStudioVersion = 17.5.33530.505
MinimumVisualStudioVersion = 10.0.40219.1
Project("{FAE04EC0-301F-11D3-BF4B-00C04F79EFBC}") = "ConsoleAppPlayGround", "ConsoleAppPlayGround\ConsoleAppPlayGround.csproj", "{519DA590-5477-4099-8867-9B95CEA24CBD}"
EndProject
Global
	GlobalSection(SolutionConfigurationPlatforms) = preSolution
		Debug|Any CPU = Debug|Any CPU
		Release|Any CPU = Release|Any CPU
	EndGlobalSection
	GlobalSection(ProjectConfigurationPlatforms) = postSolution
		{519DA590-5477-4099-8867-9B95CEA24CBD}.Debug|Any CPU.ActiveCfg = Debug|Any CPU
		{519DA590-5477-4099-8867-9B95CEA24CBD}.Debug|Any CPU.Build.0 = Debug|Any CPU
		{519DA590-5477-4099-8867-9B95CEA24CBD}.Release|Any CPU.ActiveCfg = Release|Any CPU
		{519DA590-5477-4099-8867-9B95CEA24CBD}.Release|Any CPU.Build.0 = Release|Any CPU
	EndGlobalSection
	GlobalSection(SolutionProperties) = preSolution
		HideSolutionNode = FALSE
	EndGlobalSection
	GlobalSection(ExtensibilityGlobals) = postSolution
		SolutionGuid = {1916FE43-D4FF-490D-884C-BBA587F6E4A4}
	EndGlobalSection
EndGlobal
